
Microsoft Visual Studio Solution File, Format Version 12.00
# Visual Studio 14
VisualStudioVersion = 14.0.24720.0
MinimumVisualStudioVersion = 10.0.40219.1
Project("{FAE04EC0-301F-11D3-BF4B-00C04F79EFBC}") = "WDMS.Client", "WDMS.Client\WDMS.Client.csproj", "{44EC066F-5AFF-4685-982E-7A1EA6778A2D}"
EndProject
Project("{FAE04EC0-301F-11D3-BF4B-00C04F79EFBC}") = "WDMS.Utility", "WDMS.Utility\WDMS.Utility.csproj", "{4391B9E5-F6ED-4AC5-A6F0-7AFFDAF35664}"
EndProject
Project("{FAE04EC0-301F-11D3-BF4B-00C04F79EFBC}") = "WDMS.DAL", "WDMS.DAL\WDMS.DAL.csproj", "{C05A6A6C-5C8C-4F8B-A577-B0707105478E}"
EndProject
Project("{FAE04EC0-301F-11D3-BF4B-00C04F79EFBC}") = "WDMS.Model", "WDMS.Model\WDMS.Model.csproj", "{EC135ABC-36FA-445F-8B2D-DBA0A235984D}"
EndProject
Project("{00D1A9C2-B5F0-4AF3-8072-F6C62B433612}") = "WDMS.Database", "WDMS.Database\WDMS.Database.sqlproj", "{1B74D800-5C57-4368-8A55-9773F92360E0}"
EndProject
Global
	GlobalSection(SolutionConfigurationPlatforms) = preSolution
		Debug|Any CPU = Debug|Any CPU
		Release|Any CPU = Release|Any CPU
	EndGlobalSection
	GlobalSection(ProjectConfigurationPlatforms) = postSolution
		{44EC066F-5AFF-4685-982E-7A1EA6778A2D}.Debug|Any CPU.ActiveCfg = Debug|Any CPU
		{44EC066F-5AFF-4685-982E-7A1EA6778A2D}.Debug|Any CPU.Build.0 = Debug|Any CPU
		{44EC066F-5AFF-4685-982E-7A1EA6778A2D}.Release|Any CPU.ActiveCfg = Release|Any CPU
		{44EC066F-5AFF-4685-982E-7A1EA6778A2D}.Release|Any CPU.Build.0 = Release|Any CPU
		{4391B9E5-F6ED-4AC5-A6F0-7AFFDAF35664}.Debug|Any CPU.ActiveCfg = Debug|Any CPU
		{4391B9E5-F6ED-4AC5-A6F0-7AFFDAF35664}.Debug|Any CPU.Build.0 = Debug|Any CPU
		{4391B9E5-F6ED-4AC5-A6F0-7AFFDAF35664}.Release|Any CPU.ActiveCfg = Release|Any CPU
		{4391B9E5-F6ED-4AC5-A6F0-7AFFDAF35664}.Release|Any CPU.Build.0 = Release|Any CPU
		{C05A6A6C-5C8C-4F8B-A577-B0707105478E}.Debug|Any CPU.ActiveCfg = Debug|Any CPU
		{C05A6A6C-5C8C-4F8B-A577-B0707105478E}.Debug|Any CPU.Build.0 = Debug|Any CPU
		{C05A6A6C-5C8C-4F8B-A577-B0707105478E}.Release|Any CPU.ActiveCfg = Release|Any CPU
		{C05A6A6C-5C8C-4F8B-A577-B0707105478E}.Release|Any CPU.Build.0 = Release|Any CPU
		{EC135ABC-36FA-445F-8B2D-DBA0A235984D}.Debug|Any CPU.ActiveCfg = Debug|Any CPU
		{EC135ABC-36FA-445F-8B2D-DBA0A235984D}.Debug|Any CPU.Build.0 = Debug|Any CPU
		{EC135ABC-36FA-445F-8B2D-DBA0A235984D}.Release|Any CPU.ActiveCfg = Release|Any CPU
		{EC135ABC-36FA-445F-8B2D-DBA0A235984D}.Release|Any CPU.Build.0 = Release|Any CPU
		{1B74D800-5C57-4368-8A55-9773F92360E0}.Debug|Any CPU.ActiveCfg = Debug|Any CPU
		{1B74D800-5C57-4368-8A55-9773F92360E0}.Debug|Any CPU.Build.0 = Debug|Any CPU
		{1B74D800-5C57-4368-8A55-9773F92360E0}.Debug|Any CPU.Deploy.0 = Debug|Any CPU
		{1B74D800-5C57-4368-8A55-9773F92360E0}.Release|Any CPU.ActiveCfg = Release|Any CPU
		{1B74D800-5C57-4368-8A55-9773F92360E0}.Release|Any CPU.Build.0 = Release|Any CPU
		{1B74D800-5C57-4368-8A55-9773F92360E0}.Release|Any CPU.Deploy.0 = Release|Any CPU
	EndGlobalSection
	GlobalSection(SolutionProperties) = preSolution
		HideSolutionNode = FALSE
	EndGlobalSection
EndGlobal
